
Microsoft Visual Studio Solution File, Format Version 12.00
# Visual Studio 15
VisualStudioVersion = 15.0.28010.2016
MinimumVisualStudioVersion = 10.0.40219.1
Project("{FAE04EC0-301F-11D3-BF4B-00C04F79EFBC}") = "MVC2Assignment1", "MVC2Assignment1\MVC2Assignment1.csproj", "{C722F362-36D8-46F1-990C-EDB7F5037AB4}"
EndProject
Global
	GlobalSection(SolutionConfigurationPlatforms) = preSolution
		Debug|Any CPU = Debug|Any CPU
		Release|Any CPU = Release|Any CPU
	EndGlobalSection
	GlobalSection(ProjectConfigurationPlatforms) = postSolution
		{C722F362-36D8-46F1-990C-EDB7F5037AB4}.Debug|Any CPU.ActiveCfg = Debug|Any CPU
		{C722F362-36D8-46F1-990C-EDB7F5037AB4}.Debug|Any CPU.Build.0 = Debug|Any CPU
		{C722F362-36D8-46F1-990C-EDB7F5037AB4}.Release|Any CPU.ActiveCfg = Release|Any CPU
		{C722F362-36D8-46F1-990C-EDB7F5037AB4}.Release|Any CPU.Build.0 = Release|Any CPU
	EndGlobalSection
	GlobalSection(SolutionProperties) = preSolution
		HideSolutionNode = FALSE
	EndGlobalSection
	GlobalSection(ExtensibilityGlobals) = postSolution
		SolutionGuid = {D3B55455-A4A0-4B31-87A0-5AC054B69EBB}
	EndGlobalSection
EndGlobal
